{
  "requires": true,
  "lockfileVersion": 1,
  "dependencies": {
    "ansi": {
      "version": "0.3.1",
      "resolved": "https://registry.npmjs.org/ansi/-/ansi-0.3.1.tgz",
      "integrity": "sha1-DELU+xcWDVqa8eSEus4cZpIsGyE="
    },
    "ansi-regex": {
      "version": "2.1.1",
      "resolved": "https://registry.npmjs.org/ansi-regex/-/ansi-regex-2.1.1.tgz",
      "integrity": "sha1-w7M6te42DYbg5ijwRorn7yfWVN8="
    },
    "aproba": {
      "version": "1.2.0",
      "resolved": "https://registry.npmjs.org/aproba/-/aproba-1.2.0.tgz",
      "integrity": "sha512-Y9J6ZjXtoYh8RnXVCMOU/ttDmk1aBjunq9vO0ta5x85WDQiQfUF9sIPBITdbiiIVcBo03Hi3jMxigBtsddlXRw=="
    },
    "are-we-there-yet": {
      "version": "1.1.5",
      "resolved": "https://registry.npmjs.org/are-we-there-yet/-/are-we-there-yet-1.1.5.tgz",
      "integrity": "sha512-5hYdAkZlcG8tOLujVDTgCT+uPX0VnpAH28gWsLfzpXYm7wP6mp5Q/gYyR7YQ0cKVJcXJnl3j2kpBan13PtQf6w==",
      "requires": {
        "delegates": "^1.0.0",
        "readable-stream": "^2.0.6"
      }
    },
    "argparse": {
      "version": "0.1.16",
      "resolved": "https://registry.npmjs.org/argparse/-/argparse-0.1.16.tgz",
      "integrity": "sha1-z9AeD7uj1srtBJ+9dY1A9lGW9Xw=",
      "requires": {
        "underscore": "~1.7.0",
        "underscore.string": "~2.4.0"
      },
      "dependencies": {
        "underscore": {
          "version": "1.7.0",
          "resolved": "https://registry.npmjs.org/underscore/-/underscore-1.7.0.tgz",
          "integrity": "sha1-a7rwh3UA02vjTsqlhODbn+8DUgk="
        }
      }
    },
    "asn1": {
      "version": "0.1.11",
      "resolved": "https://registry.npmjs.org/asn1/-/asn1-0.1.11.tgz",
      "integrity": "sha1-VZvhg3bQik7E2+gId9J4GGObLfc="
    },
    "assert-plus": {
      "version": "0.1.2",
      "resolved": "https://registry.npmjs.org/assert-plus/-/assert-plus-0.1.2.tgz",
      "integrity": "sha1-2T/9u2esVQd3m+MWp9ZRRkF77vg="
    },
    "async": {
      "version": "0.2.10",
      "resolved": "https://registry.npmjs.org/async/-/async-0.2.10.tgz",
      "integrity": "sha1-trvgsGdLnXGXCMo43owjfLUmw9E="
    },
    "aws-sign": {
      "version": "0.3.0",
      "resolved": "https://registry.npmjs.org/aws-sign/-/aws-sign-0.3.0.tgz",
      "integrity": "sha1-PYHKabR0seFlGHKLUcJP8Lvtxuk="
    },
    "boom": {
      "version": "0.4.2",
      "resolved": "https://registry.npmjs.org/boom/-/boom-0.4.2.tgz",
      "integrity": "sha1-emNune1O/O+xnO9JR6PGffrukRs=",
      "requires": {
        "hoek": "0.9.x"
      },
      "dependencies": {
        "hoek": {
          "version": "0.9.1",
          "resolved": "https://registry.npmjs.org/hoek/-/hoek-0.9.1.tgz",
          "integrity": "sha1-PTIkYrrfB3Fup+uFuviAec3c5QU="
        }
      }
    },
    "code-point-at": {
      "version": "1.1.0",
      "resolved": "https://registry.npmjs.org/code-point-at/-/code-point-at-1.1.0.tgz",
      "integrity": "sha1-DQcLTQQ6W+ozovGkDi7bPZpMz3c="
    },
    "color": {
      "version": "0.4.4",
      "resolved": "https://registry.npmjs.org/color/-/color-0.4.4.tgz",
      "integrity": "sha1-+LroqEiFRhYyhwTmTOSpSrM2t7U=",
      "requires": {
        "color-convert": "0.2.x",
        "color-string": "0.1.x"
      }
    },
    "color-convert": {
      "version": "0.2.1",
      "resolved": "https://registry.npmjs.org/color-convert/-/color-convert-0.2.1.tgz",
      "integrity": "sha1-NjyrI8lLMaDWTbcQSLjGqUD4xow="
    },
    "color-string": {
      "version": "0.1.3",
      "resolved": "https://registry.npmjs.org/color-string/-/color-string-0.1.3.tgz",
      "integrity": "sha1-6GXS4+WfZlw68N4UOD9r8HBWhfM=",
      "requires": {
        "color-convert": "0.2.x"
      }
    },
    "colors": {
      "version": "0.6.2",
      "resolved": "https://registry.npmjs.org/colors/-/colors-0.6.2.tgz",
      "integrity": "sha1-JCP+ZnisDF2uiFLl0OW+CMmXq8w="
    },
    "combined-stream": {
      "version": "0.0.7",
      "resolved": "https://registry.npmjs.org/combined-stream/-/combined-stream-0.0.7.tgz",
      "integrity": "sha1-ATfmV7qlp1QcV6w3rF/AfXO03B8=",
      "requires": {
        "delayed-stream": "0.0.5"
      }
    },
    "console-control-strings": {
      "version": "1.1.0",
      "resolved": "https://registry.npmjs.org/console-control-strings/-/console-control-strings-1.1.0.tgz",
      "integrity": "sha1-PXz0Rk22RG6mRL9LOVB/mFEAjo4="
    },
    "cookie-jar": {
      "version": "0.3.0",
      "resolved": "https://registry.npmjs.org/cookie-jar/-/cookie-jar-0.3.0.tgz",
      "integrity": "sha1-vJon1OK5fhhs1XyeIGPLmfpozMw="
    },
    "core-util-is": {
      "version": "1.0.2",
      "resolved": "https://registry.npmjs.org/core-util-is/-/core-util-is-1.0.2.tgz",
      "integrity": "sha1-tf1UIgqivFq1eqtxQMlAdUUDwac="
    },
    "cryptiles": {
      "version": "0.2.2",
      "resolved": "https://registry.npmjs.org/cryptiles/-/cryptiles-0.2.2.tgz",
      "integrity": "sha1-7ZH/HxetE9N0gohZT4pIoNJvMlw=",
      "requires": {
        "boom": "0.4.x"
      }
    },
    "ctype": {
      "version": "0.5.2",
      "resolved": "https://registry.npmjs.org/ctype/-/ctype-0.5.2.tgz",
      "integrity": "sha1-/oCR1Gijc6Cwyf+Lv7NCXACXOh0="
    },
    "delayed-stream": {
      "version": "0.0.5",
      "resolved": "https://registry.npmjs.org/delayed-stream/-/delayed-stream-0.0.5.tgz",
      "integrity": "sha1-1LH0OpPoKW3+AmlPRoC8N6MTxz8="
    },
    "delegates": {
      "version": "1.0.0",
      "resolved": "https://registry.npmjs.org/delegates/-/delegates-1.0.0.tgz",
      "integrity": "sha1-hMbhWbgZBP3KWaDvRM2HDTElD5o="
    },
    "escodegen": {
      "version": "0.0.22",
      "resolved": "https://registry.npmjs.org/escodegen/-/escodegen-0.0.22.tgz",
      "integrity": "sha1-TJum6fNTqro+zNsEXpP5VDy7c50=",
      "requires": {
        "esprima": "~1.0.2",
        "estraverse": "~0.0.4",
        "source-map": ">= 0.1.2"
      }
    },
    "esprima": {
      "version": "1.0.4",
      "resolved": "https://registry.npmjs.org/esprima/-/esprima-1.0.4.tgz",
      "integrity": "sha1-n1V+CPw7TSbs6d00+Pv0drYlha0="
    },
    "estraverse": {
      "version": "0.0.4",
      "resolved": "https://registry.npmjs.org/estraverse/-/estraverse-0.0.4.tgz",
      "integrity": "sha1-AaCTLf7ldGhKWYr1pnw7+bZCjbI="
    },
    "forEachAsync": {
      "version": "2.2.1",
      "resolved": "https://registry.npmjs.org/forEachAsync/-/forEachAsync-2.2.1.tgz",
      "integrity": "sha1-43I/AJA5EOHrSx2zrVG1xkoxn+w=",
      "requires": {
        "sequence": "2.x"
      }
    },
    "forever-agent": {
      "version": "0.5.2",
      "resolved": "https://registry.npmjs.org/forever-agent/-/forever-agent-0.5.2.tgz",
      "integrity": "sha1-bQ4JxJIflKJ/Y9O0nF/v8epMUTA="
    },
    "form-data": {
      "version": "0.0.8",
      "resolved": "https://registry.npmjs.org/form-data/-/form-data-0.0.8.tgz",
      "integrity": "sha1-CJDNEAXFzOzAudJKiAUskkQtDbU=",
      "requires": {
        "async": "~0.2.7",
        "combined-stream": "~0.0.4",
        "mime": "~1.2.2"
      }
    },
    "gauge": {
      "version": "2.7.4",
      "resolved": "https://registry.npmjs.org/gauge/-/gauge-2.7.4.tgz",
      "integrity": "sha1-LANAXHU4w51+s3sxcCLjJfsBi/c=",
      "requires": {
        "aproba": "^1.0.3",
        "console-control-strings": "^1.0.0",
        "has-unicode": "^2.0.0",
        "object-assign": "^4.1.0",
        "signal-exit": "^3.0.0",
        "string-width": "^1.0.1",
        "strip-ansi": "^3.0.1",
        "wide-align": "^1.1.0"
      }
    },
    "github-url-from-git": {
      "version": "1.1.1",
      "resolved": "https://registry.npmjs.org/github-url-from-git/-/github-url-from-git-1.1.1.tgz",
      "integrity": "sha1-H4liNFMSPvliOVbiZMYL9MPPXM8="
    },
    "glob": {
      "version": "3.2.11",
      "resolved": "https://registry.npmjs.org/glob/-/glob-3.2.11.tgz",
      "integrity": "sha1-Spc/Y1uRkPcV0QmH1cAP0oFevj0=",
      "requires": {
        "inherits": "2",
        "minimatch": "0.3"
      }
    },
    "graceful-fs": {
      "version": "1.2.3",
      "resolved": "https://registry.npmjs.org/graceful-fs/-/graceful-fs-1.2.3.tgz",
      "integrity": "sha1-FaSAaldUfLLS2/J/QuiajDRRs2Q="
    },
    "has-unicode": {
      "version": "2.0.1",
      "resolved": "https://registry.npmjs.org/has-unicode/-/has-unicode-2.0.1.tgz",
      "integrity": "sha1-4Ob+aijPUROIVeCG0Wkedx3iqLk="
    },
    "hawk": {
      "version": "0.13.1",
      "resolved": "https://registry.npmjs.org/hawk/-/hawk-0.13.1.tgz",
      "integrity": "sha1-NheViCH1gxHk1/beKR/KZitBLvQ=",
      "requires": {
        "boom": "0.4.x",
        "cryptiles": "0.2.x",
        "hoek": "0.8.x",
        "sntp": "0.2.x"
      }
    },
    "hoek": {
      "version": "0.8.5",
      "resolved": "https://registry.npmjs.org/hoek/-/hoek-0.8.5.tgz",
      "integrity": "sha1-Hp/XcO9+vgJ0rfy1sIBqAlpeTp8="
    },
    "http-signature": {
      "version": "0.9.11",
      "resolved": "https://registry.npmjs.org/http-signature/-/http-signature-0.9.11.tgz",
      "integrity": "sha1-nognFFcjFeZ5Cl0KeVXv/x8Z5lM=",
      "requires": {
        "asn1": "0.1.11",
        "assert-plus": "0.1.2",
        "ctype": "0.5.2"
      }
    },
    "inherits": {
      "version": "2.0.4",
      "resolved": "https://registry.npmjs.org/inherits/-/inherits-2.0.4.tgz",
      "integrity": "sha512-k/vGaX4/Yla3WzyMCvTQOXYeIHvqOKtnqBduzTHpzpQZzAskKMhZ2K+EnBiSM9zGSoIFeMpXKxa4dYeZIQqewQ=="
    },
    "init-package-json": {
      "version": "0.0.9",
      "resolved": "https://registry.npmjs.org/init-package-json/-/init-package-json-0.0.9.tgz",
      "integrity": "sha1-s6rnJkggBRAbTp5ndWkHy0elueQ=",
      "requires": {
        "promzard": "~0.2.0",
        "read": "~1.0.1",
        "read-package-json": "0",
        "semver": "1.x"
      }
    },
    "is-fullwidth-code-point": {
      "version": "1.0.0",
      "resolved": "https://registry.npmjs.org/is-fullwidth-code-point/-/is-fullwidth-code-point-1.0.0.tgz",
      "integrity": "sha1-754xOG8DGn8NZDr4L95QxFfvAMs=",
      "requires": {
        "number-is-nan": "^1.0.0"
      }
    },
    "isarray": {
      "version": "1.0.0",
      "resolved": "https://registry.npmjs.org/isarray/-/isarray-1.0.0.tgz",
      "integrity": "sha1-u5NdSFgsuhaMBoNJV6VKPgcSTxE="
    },
    "js-yaml": {
      "version": "2.1.3",
      "resolved": "https://registry.npmjs.org/js-yaml/-/js-yaml-2.1.3.tgz",
      "integrity": "sha1-D/tWF75VUlh4Bj16Fq7n/dKC6Ew=",
      "requires": {
        "argparse": "~ 0.1.11",
        "esprima": "~ 1.0.2"
      }
    },
    "json-stringify-safe": {
      "version": "4.0.0",
      "resolved": "https://registry.npmjs.org/json-stringify-safe/-/json-stringify-safe-4.0.0.tgz",
      "integrity": "sha1-d8JxqupUMC5o7+rMtWq78GqbGlQ="
    },
    "lru-cache": {
      "version": "2.7.3",
      "resolved": "https://registry.npmjs.org/lru-cache/-/lru-cache-2.7.3.tgz",
      "integrity": "sha1-bUUk6LlV+V1PW1iFHOId1y+06VI="
    },
    "mime": {
      "version": "1.2.11",
      "resolved": "https://registry.npmjs.org/mime/-/mime-1.2.11.tgz",
      "integrity": "sha1-WCA+7Ybjpe8XrtK32evUfwpg3RA="
    },
    "minimatch": {
      "version": "0.3.0",
      "resolved": "https://registry.npmjs.org/minimatch/-/minimatch-0.3.0.tgz",
      "integrity": "sha1-J12O2qxPG7MyZHIInnlJyDlGmd0=",
      "requires": {
        "lru-cache": "2",
        "sigmund": "~1.0.0"
      }
    },
    "mute-stream": {
      "version": "0.0.8",
      "resolved": "https://registry.npmjs.org/mute-stream/-/mute-stream-0.0.8.tgz",
      "integrity": "sha512-nnbWWOkoWyUsTjKrhgD0dcz22mdkSnpYqbEjIm2nhwhuxlSkpywJmBo8h0ZqJdkp73mb90SssHkN4rsRaBAfAA=="
    },
    "node-uuid": {
      "version": "1.4.8",
      "resolved": "https://registry.npmjs.org/node-uuid/-/node-uuid-1.4.8.tgz",
      "integrity": "sha1-sEDrCSOWivq/jTL7HxfxFn/auQc="
    },
    "normalize-package-data": {
      "version": "0.1.7",
      "resolved": "https://registry.npmjs.org/normalize-package-data/-/normalize-package-data-0.1.7.tgz",
      "integrity": "sha1-8hajGKhoIUiS6JrYCpRM3cGnlhU=",
      "requires": {
        "github-url-from-git": "~1.1.1",
        "semver": "1.x"
      }
    },
    "npm": {
      "version": "1.2.8000",
      "resolved": "https://registry.npmjs.org/npm/-/npm-1.2.8000.tgz",
      "integrity": "sha1-Ki+fpkhtRlLAP4uMYxSkIqdNckU=",
      "requires": {
        "abbrev": "~1.0.5",
        "ansi": "~0.3.0",
        "ansicolors": "~0.3.2",
        "ansistyles": "~0.1.3",
        "archy": "0",
        "block-stream": "0.0.7",
        "char-spinner": "~1.0.1",
        "child-process-close": "~0.1.1",
        "chmodr": "~0.1.0",
        "chownr": "0",
        "cmd-shim": "~1.1.1",
        "columnify": "~1.1.0",
        "editor": "~0.1.0",
        "fstream": "~0.1.27",
        "fstream-npm": "~0.1.7",
        "github-url-from-git": "1.1.1",
        "github-url-from-username-repo": "~0.2.0",
        "glob": "~4.0.2",
        "graceful-fs": "~3.0.0",
        "inflight": "~1.0.1",
        "inherits": "*",
        "ini": "~1.2.0",
        "init-package-json": "~0.1.0",
        "lockfile": "~0.4.0",
        "lru-cache": "~2.5.0",
        "minimatch": "~0.3.0",
        "mkdirp": "~0.3.5",
        "node-gyp": "~0.13.0",
        "nopt": "~3.0.0",
        "npm-cache-filename": "~1.0.1",
        "npm-install-checks": "~1.0.2",
        "npm-registry-client": "~2.0.2",
        "npm-user-validate": "~0.1.0",
        "npmconf": "~1.0.5",
        "npmlog": "~0.1.1",
        "once": "~1.3.0",
        "opener": "~1.3.0",
        "osenv": "~0.1.0",
        "path-is-inside": "~1.0.0",
        "read": "~1.0.4",
        "read-installed": "~2.0.5",
        "read-package-json": "~1.2.2",
        "request": "~2.30.0",
        "retry": "~0.6.0",
        "rimraf": "~2.2.8",
        "semver": "~2.3.0",
        "sha": "~1.2.1",
        "slide": "~1.1.5",
        "sorted-object": "~1.0.0",
        "tar": "~0.1.19",
        "text-table": "~0.2.0",
        "uid-number": "0.0.5",
        "which": "1"
      },
      "dependencies": {
        "abbrev": {
          "version": "1.0.5",
          "resolved": "https://registry.npmjs.org/abbrev/-/abbrev-1.0.5.tgz",
          "integrity": "sha1-XYJXvZ6+Q15piy+kMa/eT+exCwM="
        },
        "ansi": {
          "version": "0.3.0",
          "resolved": "https://registry.npmjs.org/ansi/-/ansi-0.3.0.tgz",
          "integrity": "sha1-dLLx8YfIVTx/lQFby3YAn7Q9OOA="
        },
        "ansicolors": {
          "version": "0.3.2"
        },
        "ansistyles": {
          "version": "0.1.3",
          "resolved": "https://registry.npmjs.org/ansistyles/-/ansistyles-0.1.3.tgz"
        },
        "archy": {
          "version": "0.0.2"
        },
        "block-stream": {
          "version": "0.0.7",
          "requires": {
            "inherits": "~2.0.0"
          }
        },
        "char-spinner": {
          "version": "1.0.1",
          "resolved": "https://registry.npmjs.org/char-spinner/-/char-spinner-1.0.1.tgz",
          "integrity": "sha1-5upnvSR+EHESmDt6sEee02KAAIE="
        },
        "child-process-close": {
          "version": "0.1.1",
          "resolved": "https://registry.npmjs.org/child-process-close/-/child-process-close-0.1.1.tgz"
        },
        "chmodr": {
          "version": "0.1.0"
        },
        "chownr": {
          "version": "0.0.1"
        },
        "cmd-shim": {
          "version": "1.1.1",
          "resolved": "https://registry.npmjs.org/cmd-shim/-/cmd-shim-1.1.1.tgz",
          "requires": {
            "graceful-fs": "2 || 3",
            "mkdirp": "~0.3.3"
          }
        },
        "columnify": {
          "version": "1.1.0",
          "resolved": "https://registry.npmjs.org/columnify/-/columnify-1.1.0.tgz",
          "integrity": "sha1-C5CObU8cgBlDWKGTOq+dxJJxxnk=",
          "requires": {
            "strip-ansi": "^0.2.1",
            "wcwidth.js": "~0.0.4"
          },
          "dependencies": {
            "strip-ansi": {
              "version": "0.2.2",
              "resolved": "https://registry.npmjs.org/strip-ansi/-/strip-ansi-0.2.2.tgz",
              "integrity": "sha1-hU0pDJgVJfyMOXqRCwJa4tVP/Ag=",
              "requires": {
                "ansi-regex": "^0.1.0"
              },
              "dependencies": {
                "ansi-regex": {
                  "version": "0.1.0",
                  "resolved": "https://registry.npmjs.org/ansi-regex/-/ansi-regex-0.1.0.tgz",
                  "integrity": "sha1-Vcpg22kAhXxCOukpeYACb5Qe2QM="
                }
              }
            },
            "wcwidth.js": {
              "version": "0.0.4",
              "resolved": "https://registry.npmjs.org/wcwidth.js/-/wcwidth.js-0.0.4.tgz",
              "integrity": "sha1-RCmKfImcF1AZkP2t3Xbva9CBvnU=",
              "requires": {
                "underscore": ">= 1.3.0"
              },
              "dependencies": {
                "underscore": {
                  "version": "1.6.0",
                  "resolved": "https://registry.npmjs.org/underscore/-/underscore-1.6.0.tgz",
                  "integrity": "sha1-izixDKze9jM3uLJOT/htRa6lKag="
                }
              }
            }
          }
        },
        "editor": {
          "version": "0.1.0",
          "resolved": "https://registry.npmjs.org/editor/-/editor-0.1.0.tgz",
          "integrity": "sha1-VC9GYsaoyI6GL8EZReIE5RmBuaE="
        },
        "fstream": {
          "version": "0.1.27",
          "integrity": "sha1-gPCh5W7+8yKj9VoaKXdMpkq3NB4=",
          "requires": {
            "graceful-fs": "~3.0.2",
            "inherits": "~2.0.0",
            "mkdirp": "0.3",
            "rimraf": "2"
          }
        },
        "fstream-npm": {
          "version": "0.1.7",
          "integrity": "sha1-Qj3F0dH8t9h4UB9Dx+EaMykr1V8=",
          "requires": {
            "fstream-ignore": "~0.0",
            "inherits": "2"
          },
          "dependencies": {
            "fstream-ignore": {
              "version": "0.0.8",
              "resolved": "https://registry.npmjs.org/fstream-ignore/-/fstream-ignore-0.0.8.tgz",
              "integrity": "sha1-zEgw+5ljF4vl2es3VppKB4XPnlM=",
              "requires": {
                "fstream": "~0.1.17",
                "inherits": "2",
                "minimatch": "^0.3.0"
              }
            }
          }
        },
        "github-url-from-git": {
          "version": "1.1.1",
          "resolved": "https://registry.npmjs.org/github-url-from-git/-/github-url-from-git-1.1.1.tgz"
        },
        "github-url-from-username-repo": {
          "version": "0.2.0",
          "resolved": "https://registry.npmjs.org/github-url-from-username-repo/-/github-url-from-username-repo-0.2.0.tgz",
          "integrity": "sha1-dZC0+mBbemy7fgb/zZ0lMhD52+E="
        },
        "glob": {
          "version": "4.0.2",
          "resolved": "https://registry.npmjs.org/glob/-/glob-4.0.2.tgz",
          "integrity": "sha1-1X299UmE3XY1yCR9Hy694ugfTuE=",
          "requires": {
            "inherits": "2",
            "minimatch": "^0.3.0",
            "once": "^1.3.0"
          }
        },
        "graceful-fs": {
          "version": "3.0.2",
          "resolved": "https://registry.npmjs.org/graceful-fs/-/graceful-fs-3.0.2.tgz",
          "integrity": "sha1-LLW/f3Qr6orUfHVMru4DK35xpXc="
        },
        "inflight": {
          "version": "1.0.1",
          "resolved": "https://registry.npmjs.org/inflight/-/inflight-1.0.1.tgz",
          "integrity": "sha1-AfaRGCFTUkPHkKwPmY9U6QI/+28=",
          "requires": {
            "once": "^1.3.0"
          }
        },
        "inherits": {
          "version": "2.0.1"
        },
        "ini": {
          "version": "1.2.1",
          "resolved": "https://registry.npmjs.org/ini/-/ini-1.2.1.tgz",
          "integrity": "sha1-f3dOLyJ1LNHay/nGMyPfKhZOvKM="
        },
        "init-package-json": {
          "version": "0.1.0",
          "integrity": "sha1-JJyYJ1mhAlVvKU8lksFKLa2FX1I=",
          "requires": {
            "glob": "^4.0.2",
            "promzard": "~0.2.0",
            "read": "~1.0.1",
            "read-package-json": "1",
            "semver": "2.x"
          },
          "dependencies": {
            "promzard": {
              "version": "0.2.2",
              "resolved": "https://registry.npmjs.org/promzard/-/promzard-0.2.2.tgz",
              "integrity": "sha1-kYufKylFjLABeBqIVlAuSnmwFuA=",
              "requires": {
                "read": "1"
              }
            }
          }
        },
        "isarray": {
          "version": "0.0.1",
          "resolved": "https://registry.npmjs.org/isarray/-/isarray-0.0.1.tgz",
          "integrity": "sha1-ihis/Kmo9Bd+Cav8YDiTmwXR7t8="
        },
        "lockfile": {
          "version": "0.4.2",
          "resolved": "https://registry.npmjs.org/lockfile/-/lockfile-0.4.2.tgz"
        },
        "lru-cache": {
          "version": "2.5.0"
        },
        "minimatch": {
          "version": "0.3.0",
          "resolved": "https://registry.npmjs.org/minimatch/-/minimatch-0.3.0.tgz",
          "integrity": "sha1-J12O2qxPG7MyZHIInnlJyDlGmd0=",
          "requires": {
            "lru-cache": "2",
            "sigmund": "~1.0.0"
          },
          "dependencies": {
            "sigmund": {
              "version": "1.0.0",
              "resolved": "https://registry.npmjs.org/sigmund/-/sigmund-1.0.0.tgz",
              "integrity": "sha1-ZqKzp0mui1+4nv1PzAHclPvgIpY="
            }
          }
        },
        "mkdirp": {
          "version": "0.3.5"
        },
        "node-gyp": {
          "version": "0.13.1",
          "resolved": "https://registry.npmjs.org/node-gyp/-/node-gyp-0.13.1.tgz",
          "integrity": "sha1-WkhN0twT1biUqP54GiUMB+rnv/o=",
          "requires": {
            "fstream": "0",
            "glob": "3 || 4",
            "graceful-fs": "2||3",
            "minimatch": "0",
            "mkdirp": "0",
            "nopt": "2 || 3",
            "npmlog": "0",
            "osenv": "0",
            "request": "2",
            "rimraf": "2",
            "semver": "2",
            "tar": "0",
            "which": "1"
          }
        },
        "nopt": {
          "version": "3.0.0",
          "integrity": "sha1-T89L8JEj1e5rL3AhSk2VeJuHXHk=",
          "requires": {
            "abbrev": "1"
          }
        },
        "npm-cache-filename": {
          "version": "1.0.1",
          "resolved": "https://registry.npmjs.org/npm-cache-filename/-/npm-cache-filename-1.0.1.tgz",
          "integrity": "sha1-m2QPDBpboRRWWWhTcqn/cfcMQyM="
        },
        "npm-install-checks": {
          "version": "1.0.2",
          "integrity": "sha1-67p2l1P8hVEwgzPvQRkgdDpoCfY=",
          "requires": {
            "npmlog": "0.1",
            "semver": "^2.3.0"
          }
        },
        "npm-registry-client": {
          "version": "2.0.2",
          "integrity": "sha1-qCsAA1TH+DART7GERHZLxHfVdA8=",
          "requires": {
            "chownr": "0",
            "graceful-fs": "^3.0.0",
            "mkdirp": "~0.3.3",
            "npm-cache-filename": "^1.0.0",
            "npmlog": "^4.1.2",
            "request": "2 >=2.25.0",
            "retry": "0.6.0",
            "rimraf": "~2",
            "semver": "2 >=2.2.1",
            "slide": "~1.1.3"
          },
          "dependencies": {
            "npmlog": {
              "version": "4.1.2",
              "resolved": "https://registry.npmjs.org/npmlog/-/npmlog-4.1.2.tgz",
              "integrity": "sha512-2uUqazuKlTaSI/dC8AzicUck7+IrEaOnN/e0jd3Xtt1KcGpwx30v50mL7oPyr/h9bL3E4aZccVwpwP+5W9Vjkg==",
              "requires": {
                "are-we-there-yet": "~1.1.2",
                "console-control-strings": "~1.1.0",
                "gauge": "~2.7.3",
                "set-blocking": "~2.0.0"
              }
            }
          }
        },
        "npm-user-validate": {
          "version": "0.1.0",
          "integrity": "sha1-NYpbUUjtP3l3HZgDiMbjTEph9jg="
        },
        "npmconf": {
          "version": "1.0.5",
          "integrity": "sha1-YGSqo7rIbEGhzd+3enHOUUDJsMw=",
          "requires": {
            "config-chain": "~1.1.8",
            "inherits": "~2.0.0",
            "ini": "^1.2.0",
            "mkdirp": "~0.3.3",
            "nopt": "2 || 3",
            "once": "~1.3.0",
            "osenv": "^0.1.0",
            "semver": "2",
            "uid-number": "0.0.5"
          },
          "dependencies": {
            "config-chain": {
              "version": "1.1.8",
              "resolved": "https://registry.npmjs.org/config-chain/-/config-chain-1.1.8.tgz",
              "integrity": "sha1-CUPQtyJyE6INTq/0Q09KHAoFLK0=",
              "requires": {
                "ini": "1",
                "proto-list": "~1.2.1"
              },
              "dependencies": {
                "proto-list": {
                  "version": "1.2.3",
                  "resolved": "https://registry.npmjs.org/proto-list/-/proto-list-1.2.3.tgz",
                  "integrity": "sha1-YjVVShvKHw0V48oSynMp1d70K9k="
                }
              }
            }
          }
        },
        "npmlog": {
          "version": "0.1.1",
          "integrity": "sha1-i5ueRAXX7EjDHCNGllqtx6uuyqU=",
          "requires": {
            "ansi": "~0.3.0"
          }
        },
        "once": {
          "version": "1.3.0"
        },
        "opener": {
          "version": "1.3.0"
        },
        "osenv": {
          "version": "0.1.0",
          "integrity": "sha1-YWaBIe7FhJVQMLn0cLHSMJUEv8s="
        },
        "path-is-inside": {
          "version": "1.0.1",
          "resolved": "https://registry.npmjs.org/path-is-inside/-/path-is-inside-1.0.1.tgz"
        },
        "read": {
          "version": "1.0.5",
          "requires": {
            "mute-stream": "~0.0.4"
          },
          "dependencies": {
            "mute-stream": {
              "version": "0.0.4"
            }
          }
        },
        "read-installed": {
          "version": "2.0.5",
          "integrity": "sha1-dh7aH9LcMi+Od4RKi/Hd7bz8dUs=",
          "requires": {
            "graceful-fs": "2 || 3",
            "read-package-json": "1",
            "semver": "2",
            "slide": "~1.1.3",
            "util-extend": "^1.0.1"
          },
          "dependencies": {
            "util-extend": {
              "version": "1.0.1",
              "resolved": "https://registry.npmjs.org/util-extend/-/util-extend-1.0.1.tgz",
              "integrity": "sha1-u3A7eUgCk93Nz7PGqf6iD0g0Fbw="
            }
          }
        },
        "read-package-json": {
          "version": "1.2.2",
          "integrity": "sha1-VF/JBE0TW/X+CmfG6rNowxhsuv4=",
          "requires": {
            "glob": "^4.0.2",
            "graceful-fs": "2 || 3",
            "lru-cache": "2",
            "normalize-package-data": "^0.3.0"
          },
          "dependencies": {
            "normalize-package-data": {
              "version": "0.3.0",
              "resolved": "https://registry.npmjs.org/normalize-package-data/-/normalize-package-data-0.3.0.tgz",
              "integrity": "sha1-cOqeW2yvafqp2D5C9xSJZCNy2BU=",
              "requires": {
                "github-url-from-git": "~1.1.1",
                "github-url-from-username-repo": "^0.2.0",
                "semver": "2"
              }
            }
          }
        },
        "readable-stream": {
          "version": "1.0.34",
          "resolved": "https://registry.npmjs.org/readable-stream/-/readable-stream-1.0.34.tgz",
          "integrity": "sha1-Elgg40vIQtLyqq+v5MKRbuMsFXw=",
          "requires": {
            "core-util-is": "~1.0.0",
            "inherits": "~2.0.1",
            "isarray": "0.0.1",
            "string_decoder": "~0.10.x"
          }
        },
        "request": {
          "version": "2.30.0",
          "requires": {
            "aws-sign2": "~0.5.0",
            "forever-agent": "~0.5.0",
            "form-data": "~0.1.0",
            "hawk": "~1.0.0",
            "http-signature": "~0.10.0",
            "json-stringify-safe": "~5.0.0",
            "mime": "~1.2.9",
            "node-uuid": "~1.4.0",
            "oauth-sign": "~0.3.0",
            "qs": "~0.6.0",
            "tough-cookie": "~0.9.15",
            "tunnel-agent": "~0.3.0"
          },
          "dependencies": {
            "aws-sign2": {
              "version": "0.5.0",
              "optional": true
            },
            "forever-agent": {
              "version": "0.5.0"
            },
            "form-data": {
              "version": "0.1.2",
              "optional": true,
              "requires": {
                "async": "~0.2.9",
                "combined-stream": "~0.0.4",
                "mime": "~1.2.11"
              },
              "dependencies": {
                "async": {
                  "version": "0.2.9",
                  "optional": true
                },
                "combined-stream": {
                  "version": "0.0.4",
                  "optional": true,
                  "requires": {
                    "delayed-stream": "0.0.5"
                  },
                  "dependencies": {
                    "delayed-stream": {
                      "version": "0.0.5",
                      "optional": true
                    }
                  }
                }
              }
            },
            "hawk": {
              "version": "1.0.0",
              "optional": true,
              "requires": {
                "boom": "0.4.x",
                "cryptiles": "0.2.x",
                "hoek": "0.9.x",
                "sntp": "0.2.x"
              },
              "dependencies": {
                "boom": {
                  "version": "0.4.2",
                  "optional": true,
                  "requires": {
                    "hoek": "0.9.x"
                  }
                },
                "cryptiles": {
                  "version": "0.2.2",
                  "optional": true,
                  "requires": {
                    "boom": "0.4.x"
                  }
                },
                "hoek": {
                  "version": "0.9.1",
                  "optional": true
                },
                "sntp": {
                  "version": "0.2.4",
                  "optional": true,
                  "requires": {
                    "hoek": "0.9.x"
                  }
                }
              }
            },
            "http-signature": {
              "version": "0.10.0",
              "optional": true,
              "requires": {
                "asn1": "0.1.11",
                "assert-plus": "0.1.2",
                "ctype": "0.5.2"
              },
              "dependencies": {
                "asn1": {
                  "version": "0.1.11",
                  "optional": true
                },
                "assert-plus": {
                  "version": "0.1.2",
                  "optional": true
                },
                "ctype": {
                  "version": "0.5.2",
                  "optional": true
                }
              }
            },
            "json-stringify-safe": {
              "version": "5.0.0"
            },
            "mime": {
              "version": "1.2.11"
            },
            "node-uuid": {
              "version": "1.4.1"
            },
            "oauth-sign": {
              "version": "0.3.0",
              "optional": true
            },
            "qs": {
              "version": "0.6.6"
            },
            "tough-cookie": {
              "version": "0.9.15",
              "optional": true,
              "requires": {
                "punycode": ">=0.2.0"
              },
              "dependencies": {
                "punycode": {
                  "version": "1.2.3",
                  "optional": true
                }
              }
            },
            "tunnel-agent": {
              "version": "0.3.0",
              "optional": true
            }
          }
        },
        "retry": {
          "version": "0.6.0"
        },
        "rimraf": {
          "version": "2.2.8",
          "resolved": "https://registry.npmjs.org/rimraf/-/rimraf-2.2.8.tgz",
          "integrity": "sha1-5Dm+Kq7jJzIZUnMPmaiSnk/FBYI="
        },
        "semver": {
          "version": "2.3.0",
          "integrity": "sha1-0xspA+vioYBsBbjnY5FqcYMQihU="
        },
        "sha": {
          "version": "1.2.4",
          "resolved": "https://registry.npmjs.org/sha/-/sha-1.2.4.tgz",
          "integrity": "sha1-H5o3fye2/e5Am5uFjkPacCvkik0=",
          "requires": {
            "graceful-fs": "2 || 3",
            "readable-stream": "1.0"
          },
          "dependencies": {
            "readable-stream": {
              "version": "1.0.34",
              "resolved": "https://registry.npmjs.org/readable-stream/-/readable-stream-1.0.34.tgz",
              "integrity": "sha1-Elgg40vIQtLyqq+v5MKRbuMsFXw=",
              "optional": true,
              "requires": {
                "core-util-is": "~1.0.0",
                "inherits": "~2.0.1",
                "isarray": "0.0.1",
                "string_decoder": "~0.10.x"
              }
            }
          }
        },
        "slide": {
          "version": "1.1.5"
        },
        "sorted-object": {
          "version": "1.0.0"
        },
        "string_decoder": {
          "version": "0.10.31",
          "resolved": "https://registry.npmjs.org/string_decoder/-/string_decoder-0.10.31.tgz",
          "integrity": "sha1-YuIDvEF2bGwoyfyEMB2rHFMQ+pQ="
        },
        "tar": {
          "version": "0.1.19",
          "resolved": "https://registry.npmjs.org/tar/-/tar-0.1.19.tgz",
          "requires": {
            "block-stream": "*",
            "fstream": "~0.1.8",
            "inherits": "2"
          }
        },
        "text-table": {
          "version": "0.2.0"
        },
        "uid-number": {
          "version": "0.0.5",
          "resolved": "https://registry.npmjs.org/uid-number/-/uid-number-0.0.5.tgz",
          "integrity": "sha1-Wj2yPvXb1VuB/ODsmirG/M3ruB4="
        },
        "which": {
          "version": "1.0.5"
        }
      }
    },
    "npmlog": {
      "version": "0.1.1",
      "resolved": "https://registry.npmjs.org/npmlog/-/npmlog-0.1.1.tgz",
      "integrity": "sha1-i5ueRAXX7EjDHCNGllqtx6uuyqU=",
      "requires": {
        "ansi": "~0.3.0"
      }
    },
    "number-is-nan": {
      "version": "1.0.1",
      "resolved": "https://registry.npmjs.org/number-is-nan/-/number-is-nan-1.0.1.tgz",
      "integrity": "sha1-CXtgK1NCKlIsGvuHkDGDNpQaAR0="
    },
    "oauth-sign": {
      "version": "0.3.0",
      "resolved": "https://registry.npmjs.org/oauth-sign/-/oauth-sign-0.3.0.tgz",
      "integrity": "sha1-y1QPk7srIqfVlBaRoojWDo6pOG4="
    },
    "object-assign": {
      "version": "4.1.1",
      "resolved": "https://registry.npmjs.org/object-assign/-/object-assign-4.1.1.tgz",
      "integrity": "sha1-IQmtx5ZYh8/AXLvUQsrIv7s2CGM="
    },
    "optimist": {
      "version": "0.5.2",
      "resolved": "https://registry.npmjs.org/optimist/-/optimist-0.5.2.tgz",
      "integrity": "sha1-hcjBRUszFeSniUfoV7HfAzRQv7w=",
      "requires": {
        "wordwrap": "~0.0.2"
      }
    },
    "process": {
      "version": "0.5.2",
      "resolved": "https://registry.npmjs.org/process/-/process-0.5.2.tgz",
      "integrity": "sha1-FjjYqONML0QKkduVq5rrZ3/Bhc8="
    },
    "process-nextick-args": {
      "version": "2.0.1",
      "resolved": "https://registry.npmjs.org/process-nextick-args/-/process-nextick-args-2.0.1.tgz",
      "integrity": "sha512-3ouUOpQhtgrbOa17J7+uxOTpITYWaGP7/AhoR3+A+/1e9skrzelGi/dXzEYyvbxubEF6Wn2ypscTKiKJFFn1ag=="
    },
    "promzard": {
      "version": "0.2.2",
      "resolved": "https://registry.npmjs.org/promzard/-/promzard-0.2.2.tgz",
      "integrity": "sha1-kYufKylFjLABeBqIVlAuSnmwFuA=",
      "requires": {
        "read": "1"
      }
    },
    "q": {
      "version": "0.9.7",
      "resolved": "https://registry.npmjs.org/q/-/q-0.9.7.tgz",
      "integrity": "sha1-TeLmyzspCIyeTLwDv51C+5bOL3U="
    },
    "qs": {
      "version": "0.6.6",
      "resolved": "https://registry.npmjs.org/qs/-/qs-0.6.6.tgz",
      "integrity": "sha1-bgFQmP9RlouKPIGQAdXyyJvEsQc="
    },
    "read": {
      "version": "1.0.7",
      "resolved": "https://registry.npmjs.org/read/-/read-1.0.7.tgz",
      "integrity": "sha1-s9oZvQUkMal2cdRKQmNK33ELQMQ=",
      "requires": {
        "mute-stream": "~0.0.4"
      }
    },
    "read-package-json": {
      "version": "0.4.1",
      "resolved": "https://registry.npmjs.org/read-package-json/-/read-package-json-0.4.1.tgz",
      "integrity": "sha1-oOkXzOgzNESIlUPenbKxpGBrqqI=",
      "requires": {
        "glob": "~3.2.1",
        "graceful-fs": "~1.2",
        "lru-cache": "2",
        "normalize-package-data": "~0.1.2",
        "npmlog": "0"
      }
    },
    "readable-stream": {
      "version": "2.3.7",
      "resolved": "https://registry.npmjs.org/readable-stream/-/readable-stream-2.3.7.tgz",
      "integrity": "sha512-Ebho8K4jIbHAxnuxi7o42OrZgF/ZTNcsZj6nRKyUmkhLFq8CHItp/fy6hQZuZmP/n3yZ9VBUbp4zz/mX8hmYPw==",
      "requires": {
        "core-util-is": "~1.0.0",
        "inherits": "~2.0.3",
        "isarray": "~1.0.0",
        "process-nextick-args": "~2.0.0",
        "safe-buffer": "~5.1.1",
        "string_decoder": "~1.1.1",
        "util-deprecate": "~1.0.1"
      }
    },
    "request": {
      "version": "2.21.0",
      "resolved": "https://registry.npmjs.org/request/-/request-2.21.0.tgz",
      "integrity": "sha1-VyirnEXlqHyZ2szVMCmLZnOoaNc=",
      "requires": {
        "aws-sign": "~0.3.0",
        "cookie-jar": "~0.3.0",
        "forever-agent": "~0.5.0",
        "form-data": "0.0.8",
        "hawk": "~0.13.0",
        "http-signature": "~0.9.11",
        "json-stringify-safe": "~4.0.0",
        "mime": "~1.2.9",
        "node-uuid": "~1.4.0",
        "oauth-sign": "~0.3.0",
        "qs": "~0.6.0",
        "tunnel-agent": "~0.3.0"
      }
    },
    "safe-buffer": {
      "version": "5.1.2",
      "resolved": "https://registry.npmjs.org/safe-buffer/-/safe-buffer-5.1.2.tgz",
      "integrity": "sha512-Gd2UZBJDkXlY7GbJxfsE8/nvKkUEU1G38c1siN6QP6a9PT9MmHB8GnpscSmMJSoF8LOIrt8ud/wPtojys4G6+g=="
    },
    "semver": {
      "version": "1.1.4",
      "resolved": "https://registry.npmjs.org/semver/-/semver-1.1.4.tgz",
      "integrity": "sha1-LlpOcrqwNHLMl/cnU7RQiRLvVUA="
    },
    "sequence": {
      "version": "2.2.1",
      "resolved": "https://registry.npmjs.org/sequence/-/sequence-2.2.1.tgz",
      "integrity": "sha1-f1YXiV1ENRwKBH52RGdpBJChawM="
    },
    "set-blocking": {
      "version": "2.0.0",
      "resolved": "https://registry.npmjs.org/set-blocking/-/set-blocking-2.0.0.tgz",
      "integrity": "sha1-BF+XgtARrppoA93TgrJDkrPYkPc="
    },
    "sigmund": {
      "version": "1.0.1",
      "resolved": "https://registry.npmjs.org/sigmund/-/sigmund-1.0.1.tgz",
      "integrity": "sha1-P/IfGYytIXX587eBhT/ZTQ0ZtZA="
    },
    "signal-exit": {
      "version": "3.0.3",
      "resolved": "https://registry.npmjs.org/signal-exit/-/signal-exit-3.0.3.tgz",
      "integrity": "sha512-VUJ49FC8U1OxwZLxIbTTrDvLnf/6TDgxZcK8wxR8zs13xpx7xbG60ndBlhNrFi2EMuFRoeDoJO7wthSLq42EjA=="
    },
    "sntp": {
      "version": "0.2.4",
      "resolved": "https://registry.npmjs.org/sntp/-/sntp-0.2.4.tgz",
      "integrity": "sha1-+4hfGLDzqtGJ+CSGJTa87ux1CQA=",
      "requires": {
        "hoek": "0.9.x"
      },
      "dependencies": {
        "hoek": {
          "version": "0.9.1",
          "resolved": "https://registry.npmjs.org/hoek/-/hoek-0.9.1.tgz",
          "integrity": "sha1-PTIkYrrfB3Fup+uFuviAec3c5QU="
        }
      }
    },
    "source-map": {
      "version": "0.7.3",
      "resolved": "https://registry.npmjs.org/source-map/-/source-map-0.7.3.tgz",
      "integrity": "sha512-CkCj6giN3S+n9qrYiBTX5gystlENnRW5jZeNLHpe6aue+SrHcG5VYwujhW9s4dY31mEGsxBDrHR6oI69fTXsaQ=="
    },
    "string-width": {
      "version": "1.0.2",
      "resolved": "https://registry.npmjs.org/string-width/-/string-width-1.0.2.tgz",
      "integrity": "sha1-EYvfW4zcUaKn5w0hHgfisLmxB9M=",
      "requires": {
        "code-point-at": "^1.0.0",
        "is-fullwidth-code-point": "^1.0.0",
        "strip-ansi": "^3.0.0"
      }
    },
    "string_decoder": {
      "version": "1.1.1",
      "resolved": "https://registry.npmjs.org/string_decoder/-/string_decoder-1.1.1.tgz",
      "integrity": "sha512-n/ShnvDi6FHbbVfviro+WojiFzv+s8MPMHBczVePfUpDJLwoLT0ht1l4YwBCbi8pJAveEEdnkHyPyTP/mzRfwg==",
      "requires": {
        "safe-buffer": "~5.1.0"
      }
    },
    "strip-ansi": {
      "version": "3.0.1",
      "resolved": "https://registry.npmjs.org/strip-ansi/-/strip-ansi-3.0.1.tgz",
      "integrity": "sha1-ajhfuIU9lS1f8F0Oiq+UJ43GPc8=",
      "requires": {
        "ansi-regex": "^2.0.0"
      }
    },
    "tunnel-agent": {
      "version": "0.3.0",
      "resolved": "https://registry.npmjs.org/tunnel-agent/-/tunnel-agent-0.3.0.tgz",
      "integrity": "sha1-rWgbaPUyGtKCfEz7G31d8s/pQu4="
    },
    "underscore": {
      "version": "1.4.4",
      "resolved": "https://registry.npmjs.org/underscore/-/underscore-1.4.4.tgz",
      "integrity": "sha1-YaajIBBiKvoHljvzJSA88SI51gQ="
    },
    "underscore.string": {
      "version": "2.4.0",
      "resolved": "https://registry.npmjs.org/underscore.string/-/underscore.string-2.4.0.tgz",
      "integrity": "sha1-jN2PusTi0uoefi6Al8QvRCKA+Fs="
    },
    "util-deprecate": {
      "version": "1.0.2",
      "resolved": "https://registry.npmjs.org/util-deprecate/-/util-deprecate-1.0.2.tgz",
      "integrity": "sha1-RQ1Nyfpw3nMnYvvS1KKJgUGaDM8="
    },
    "walk": {
      "version": "2.2.1",
      "resolved": "https://registry.npmjs.org/walk/-/walk-2.2.1.tgz",
      "integrity": "sha1-WtofjknkfUt0Rdi+ei4eYxq0MBY=",
      "requires": {
        "forEachAsync": "~2.2"
      }
    },
    "wide-align": {
      "version": "1.1.3",
      "resolved": "https://registry.npmjs.org/wide-align/-/wide-align-1.1.3.tgz",
      "integrity": "sha512-QGkOQc8XL6Bt5PwnsExKBPuMKBxnGxWWW3fU55Xt4feHozMUhdUMaBCk290qpm/wG5u/RSKzwdAC4i51YigihA==",
      "requires": {
        "string-width": "^1.0.2 || 2"
      }
    },
    "wordwrap": {
      "version": "0.0.3",
      "resolved": "https://registry.npmjs.org/wordwrap/-/wordwrap-0.0.3.tgz",
      "integrity": "sha1-o9XabNXAvAAI03I0u68b7WMFkQc="
    }
  }
}
